
Microsoft Visual Studio Solution File, Format Version 12.00
Project("{FAE04EC0-301F-11D3-BF4B-00C04F79EFBC}") = "DiscreteMathConsole", "DiscreteMathConsole.csproj", "{D972C3F6-575D-41C0-B6A1-E300FA3E1EB5}"
EndProject
Global
	GlobalSection(SolutionConfigurationPlatforms) = preSolution
		Debug|Any CPU = Debug|Any CPU
		Release|Any CPU = Release|Any CPU
	EndGlobalSection
	GlobalSection(ProjectConfigurationPlatforms) = postSolution
		{D972C3F6-575D-41C0-B6A1-E300FA3E1EB5}.Debug|Any CPU.ActiveCfg = Debug|Any CPU
		{D972C3F6-575D-41C0-B6A1-E300FA3E1EB5}.Debug|Any CPU.Build.0 = Debug|Any CPU
		{D972C3F6-575D-41C0-B6A1-E300FA3E1EB5}.Release|Any CPU.ActiveCfg = Release|Any CPU
		{D972C3F6-575D-41C0-B6A1-E300FA3E1EB5}.Release|Any CPU.Build.0 = Release|Any CPU
	EndGlobalSection
EndGlobal
